{
  "version": 4,
  "terraform_version": "0.14.7",
  "serial": 1040,
  "lineage": "40edc453-ce6e-c384-9992-d4fda45d848b",
  "outputs": {},
  "resources": [
    {
      "mode": "managed",
      "type": "azurerm_linux_virtual_machine",
      "name": "myVMB2s",
      "provider": "provider[\"registry.terraform.io/hashicorp/azurerm\"]",
      "instances": [
        {
          "index_key": 0,
          "schema_version": 0,
          "attributes": {
            "additional_capabilities": [],
            "admin_password": null,
            "admin_ssh_key": [
              {
                "public_key": "ssh-rsa AAAAB3NzaC1yc2EAAAADAQABAAACAQDVwH+jaVl6e7cIpos7OuE8JOwSoCL5QmdLXUS6QVp7K1O3dR+KUtkIdnchij8tuYU+Cx6be9jsmooOHI3Z84TOZnTjfJWlj1uSolB4atx5xipojMhZ4hA1mlNeAuYYqiHqyKPUBe+dW4AMkfcP6nrxJrhk4Eld/MDdxIVh4qzkYE9cAikhts+TcleILU0UiIYxjglq1X3eGC1GUrI8yoPHxFXkPUOgRVxK/GJCROkKmXGq3Aib/P0uGlFtUn8V8YQLh7n/gKt9ofa4qo77i4aXZYLh0FKZE66MvNf5jGCRXwljD+o6GhTPDLj1y7cKk39Mks+CkjAnSGyExLGe5IKRfAXacAN9LE11IcdGMTd3VFXqbxFW30PlYVTAZ9TfRTs7Ghgwp3Mv9u/2BOuW4J/lXPkkwD4uwGoVOfz3GZEN7ihlqsjHgrgFsQO//N3uPVfCWuUbINdJ3JhJivQTJwT/Pa5HDOFagFr9rly7DPuAgqHTXVzpPDxOZlGjpaC5POIvYkzQ9/TAXGY3JGfUsQhbVEgT9Z5ot/HbSF2TZxzw4qwWSvl4YhXDlwqNsrGFwDL55/+afq7fM1+c/sXMd09cJ/JxsSUgxBMSIKwnFSOkS21VZCqvbt8Ejklat+dRTnvOjBbitPZle/aD1VRBdjbr/vEMSKncb0mPB8ahx5GRXw== juan@DESKTOP-BVOVGLM\r\n",
                "username": "adminUsername"
              }
            ],
            "admin_username": "adminUsername",
            "allow_extension_operations": true,
            "availability_set_id": "",
            "boot_diagnostics": [
              {
                "storage_account_uri": "https://mystaccount914.blob.core.windows.net/"
              }
            ],
            "computer_name": "vmskubemaster01",
            "custom_data": null,
            "dedicated_host_id": "",
            "disable_password_authentication": true,
            "encryption_at_host_enabled": false,
            "eviction_policy": "",
            "extensions_time_budget": "PT1H30M",
            "id": "/subscriptions/d59dc4e4-6d9f-4760-9b5b-2c6a7297f90b/resourceGroups/kubernetes_rg/providers/Microsoft.Compute/virtualMachines/vmskubemaster01",
            "identity": [],
            "location": "centralus",
            "max_bid_price": -1,
            "name": "vmskubemaster01",
            "network_interface_ids": [
              "/subscriptions/d59dc4e4-6d9f-4760-9b5b-2c6a7297f90b/resourceGroups/kubernetes_rg/providers/Microsoft.Network/networkInterfaces/vmnickubemaster01"
            ],
            "os_disk": [
              {
                "caching": "ReadWrite",
                "diff_disk_settings": [],
                "disk_encryption_set_id": "",
                "disk_size_gb": 30,
                "name": "vmskubemaster01_OsDisk_1_c3a4384773dc417a8c26f9fb5667b4ed",
                "storage_account_type": "Standard_LRS",
                "write_accelerator_enabled": false
              }
            ],
            "plan": [
              {
                "name": "centos-8-stream-free",
                "product": "centos-8-stream-free",
                "publisher": "cognosys"
              }
            ],
            "priority": "Regular",
            "private_ip_address": "10.0.1.10",
            "private_ip_addresses": [
              "10.0.1.10"
            ],
            "provision_vm_agent": true,
            "proximity_placement_group_id": "",
            "public_ip_address": "40.122.131.76",
            "public_ip_addresses": [
              "40.122.131.76"
            ],
            "resource_group_name": "kubernetes_rg",
            "secret": [],
            "size": "Standard_B2s",
            "source_image_id": "",
            "source_image_reference": [
              {
                "offer": "centos-8-stream-free",
                "publisher": "cognosys",
                "sku": "centos-8-stream-free",
                "version": "1.2019.0810"
              }
            ],
            "tags": {
              "environment": "CP2"
            },
            "timeouts": null,
            "virtual_machine_id": "220cd51f-2d79-47f8-8bc6-570cf5bafeff",
            "virtual_machine_scale_set_id": "",
            "zone": ""
          },
          "sensitive_attributes": [],
          "private": "eyJlMmJmYjczMC1lY2FhLTExZTYtOGY4OC0zNDM2M2JjN2M0YzAiOnsiY3JlYXRlIjoyNzAwMDAwMDAwMDAwLCJkZWxldGUiOjI3MDAwMDAwMDAwMDAsInJlYWQiOjMwMDAwMDAwMDAwMCwidXBkYXRlIjoyNzAwMDAwMDAwMDAwfX0=",
          "dependencies": [
            "azurerm_network_interface.myNic1",
            "azurerm_public_ip.myPublicIp1",
            "azurerm_resource_group.rg",
            "azurerm_storage_account.mystaccount914",
            "azurerm_subnet.mySubnet",
            "azurerm_virtual_network.myNet"
          ]
        }
      ]
    },
    {
      "mode": "managed",
      "type": "azurerm_linux_virtual_machine",
      "name": "myVMBD1_v2",
      "provider": "provider[\"registry.terraform.io/hashicorp/azurerm\"]",
      "instances": [
        {
          "index_key": 0,
          "schema_version": 0,
          "attributes": {
            "additional_capabilities": [],
            "admin_password": null,
            "admin_ssh_key": [
              {
                "public_key": "ssh-rsa AAAAB3NzaC1yc2EAAAADAQABAAACAQDVwH+jaVl6e7cIpos7OuE8JOwSoCL5QmdLXUS6QVp7K1O3dR+KUtkIdnchij8tuYU+Cx6be9jsmooOHI3Z84TOZnTjfJWlj1uSolB4atx5xipojMhZ4hA1mlNeAuYYqiHqyKPUBe+dW4AMkfcP6nrxJrhk4Eld/MDdxIVh4qzkYE9cAikhts+TcleILU0UiIYxjglq1X3eGC1GUrI8yoPHxFXkPUOgRVxK/GJCROkKmXGq3Aib/P0uGlFtUn8V8YQLh7n/gKt9ofa4qo77i4aXZYLh0FKZE66MvNf5jGCRXwljD+o6GhTPDLj1y7cKk39Mks+CkjAnSGyExLGe5IKRfAXacAN9LE11IcdGMTd3VFXqbxFW30PlYVTAZ9TfRTs7Ghgwp3Mv9u/2BOuW4J/lXPkkwD4uwGoVOfz3GZEN7ihlqsjHgrgFsQO//N3uPVfCWuUbINdJ3JhJivQTJwT/Pa5HDOFagFr9rly7DPuAgqHTXVzpPDxOZlGjpaC5POIvYkzQ9/TAXGY3JGfUsQhbVEgT9Z5ot/HbSF2TZxzw4qwWSvl4YhXDlwqNsrGFwDL55/+afq7fM1+c/sXMd09cJ/JxsSUgxBMSIKwnFSOkS21VZCqvbt8Ejklat+dRTnvOjBbitPZle/aD1VRBdjbr/vEMSKncb0mPB8ahx5GRXw== juan@DESKTOP-BVOVGLM\r\n",
                "username": "adminUsername"
              }
            ],
            "admin_username": "adminUsername",
            "allow_extension_operations": true,
            "availability_set_id": "",
            "boot_diagnostics": [
              {
                "storage_account_uri": "https://mystaccount914.blob.core.windows.net/"
              }
            ],
            "computer_name": "vmskubeworker01",
            "custom_data": null,
            "dedicated_host_id": "",
            "disable_password_authentication": true,
            "encryption_at_host_enabled": false,
            "eviction_policy": "",
            "extensions_time_budget": "PT1H30M",
            "id": "/subscriptions/d59dc4e4-6d9f-4760-9b5b-2c6a7297f90b/resourceGroups/kubernetes_rg/providers/Microsoft.Compute/virtualMachines/vmskubeworker01",
            "identity": [],
            "location": "centralus",
            "max_bid_price": -1,
            "name": "vmskubeworker01",
            "network_interface_ids": [
              "/subscriptions/d59dc4e4-6d9f-4760-9b5b-2c6a7297f90b/resourceGroups/kubernetes_rg/providers/Microsoft.Network/networkInterfaces/vmnickubeworker01"
            ],
            "os_disk": [
              {
                "caching": "ReadWrite",
                "diff_disk_settings": [],
                "disk_encryption_set_id": "",
                "disk_size_gb": 30,
                "name": "vmskubeworker01_OsDisk_1_2dd4048328124898a4e20d528399e3f6",
                "storage_account_type": "Standard_LRS",
                "write_accelerator_enabled": false
              }
            ],
            "plan": [
              {
                "name": "centos-8-stream-free",
                "product": "centos-8-stream-free",
                "publisher": "cognosys"
              }
            ],
            "priority": "Regular",
            "private_ip_address": "10.0.1.20",
            "private_ip_addresses": [
              "10.0.1.20"
            ],
            "provision_vm_agent": true,
            "proximity_placement_group_id": "",
            "public_ip_address": "13.89.58.119",
            "public_ip_addresses": [
              "13.89.58.119"
            ],
            "resource_group_name": "kubernetes_rg",
            "secret": [],
            "size": "Standard_DS1_v2",
            "source_image_id": "",
            "source_image_reference": [
              {
                "offer": "centos-8-stream-free",
                "publisher": "cognosys",
                "sku": "centos-8-stream-free",
                "version": "1.2019.0810"
              }
            ],
            "tags": {
              "environment": "CP2"
            },
            "timeouts": null,
            "virtual_machine_id": "d48c47a4-33fd-4c88-9fdd-964b1683ffc8",
            "virtual_machine_scale_set_id": "",
            "zone": ""
          },
          "sensitive_attributes": [],
          "private": "eyJlMmJmYjczMC1lY2FhLTExZTYtOGY4OC0zNDM2M2JjN2M0YzAiOnsiY3JlYXRlIjoyNzAwMDAwMDAwMDAwLCJkZWxldGUiOjI3MDAwMDAwMDAwMDAsInJlYWQiOjMwMDAwMDAwMDAwMCwidXBkYXRlIjoyNzAwMDAwMDAwMDAwfX0=",
          "dependencies": [
            "azurerm_network_interface.myNic2",
            "azurerm_public_ip.myPublicIp2",
            "azurerm_resource_group.rg",
            "azurerm_storage_account.mystaccount914",
            "azurerm_subnet.mySubnet",
            "azurerm_virtual_network.myNet"
          ]
        },
        {
          "index_key": 1,
          "schema_version": 0,
          "attributes": {
            "additional_capabilities": [],
            "admin_password": null,
            "admin_ssh_key": [
              {
                "public_key": "ssh-rsa AAAAB3NzaC1yc2EAAAADAQABAAACAQDVwH+jaVl6e7cIpos7OuE8JOwSoCL5QmdLXUS6QVp7K1O3dR+KUtkIdnchij8tuYU+Cx6be9jsmooOHI3Z84TOZnTjfJWlj1uSolB4atx5xipojMhZ4hA1mlNeAuYYqiHqyKPUBe+dW4AMkfcP6nrxJrhk4Eld/MDdxIVh4qzkYE9cAikhts+TcleILU0UiIYxjglq1X3eGC1GUrI8yoPHxFXkPUOgRVxK/GJCROkKmXGq3Aib/P0uGlFtUn8V8YQLh7n/gKt9ofa4qo77i4aXZYLh0FKZE66MvNf5jGCRXwljD+o6GhTPDLj1y7cKk39Mks+CkjAnSGyExLGe5IKRfAXacAN9LE11IcdGMTd3VFXqbxFW30PlYVTAZ9TfRTs7Ghgwp3Mv9u/2BOuW4J/lXPkkwD4uwGoVOfz3GZEN7ihlqsjHgrgFsQO//N3uPVfCWuUbINdJ3JhJivQTJwT/Pa5HDOFagFr9rly7DPuAgqHTXVzpPDxOZlGjpaC5POIvYkzQ9/TAXGY3JGfUsQhbVEgT9Z5ot/HbSF2TZxzw4qwWSvl4YhXDlwqNsrGFwDL55/+afq7fM1+c/sXMd09cJ/JxsSUgxBMSIKwnFSOkS21VZCqvbt8Ejklat+dRTnvOjBbitPZle/aD1VRBdjbr/vEMSKncb0mPB8ahx5GRXw== juan@DESKTOP-BVOVGLM\r\n",
                "username": "adminUsername"
              }
            ],
            "admin_username": "adminUsername",
            "allow_extension_operations": true,
            "availability_set_id": "",
            "boot_diagnostics": [
              {
                "storage_account_uri": "https://mystaccount914.blob.core.windows.net/"
              }
            ],
            "computer_name": "vmskubeworker02",
            "custom_data": null,
            "dedicated_host_id": "",
            "disable_password_authentication": true,
            "encryption_at_host_enabled": false,
            "eviction_policy": "",
            "extensions_time_budget": "PT1H30M",
            "id": "/subscriptions/d59dc4e4-6d9f-4760-9b5b-2c6a7297f90b/resourceGroups/kubernetes_rg/providers/Microsoft.Compute/virtualMachines/vmskubeworker02",
            "identity": [],
            "location": "centralus",
            "max_bid_price": -1,
            "name": "vmskubeworker02",
            "network_interface_ids": [
              "/subscriptions/d59dc4e4-6d9f-4760-9b5b-2c6a7297f90b/resourceGroups/kubernetes_rg/providers/Microsoft.Network/networkInterfaces/vmnickubeworker02"
            ],
            "os_disk": [
              {
                "caching": "ReadWrite",
                "diff_disk_settings": [],
                "disk_encryption_set_id": "",
                "disk_size_gb": 30,
                "name": "vmskubeworker02_OsDisk_1_0ec50a4dcdd045ad93680de892ae81c7",
                "storage_account_type": "Standard_LRS",
                "write_accelerator_enabled": false
              }
            ],
            "plan": [
              {
                "name": "centos-8-stream-free",
                "product": "centos-8-stream-free",
                "publisher": "cognosys"
              }
            ],
            "priority": "Regular",
            "private_ip_address": "10.0.1.21",
            "private_ip_addresses": [
              "10.0.1.21"
            ],
            "provision_vm_agent": true,
            "proximity_placement_group_id": "",
            "public_ip_address": "40.122.134.77",
            "public_ip_addresses": [
              "40.122.134.77"
            ],
            "resource_group_name": "kubernetes_rg",
            "secret": [],
            "size": "Standard_DS1_v2",
            "source_image_id": "",
            "source_image_reference": [
              {
                "offer": "centos-8-stream-free",
                "publisher": "cognosys",
                "sku": "centos-8-stream-free",
                "version": "1.2019.0810"
              }
            ],
            "tags": {
              "environment": "CP2"
            },
            "timeouts": null,
            "virtual_machine_id": "ef40eff4-c11d-47df-bf73-4e9e0f4ea999",
            "virtual_machine_scale_set_id": "",
            "zone": ""
          },
          "sensitive_attributes": [],
          "private": "eyJlMmJmYjczMC1lY2FhLTExZTYtOGY4OC0zNDM2M2JjN2M0YzAiOnsiY3JlYXRlIjoyNzAwMDAwMDAwMDAwLCJkZWxldGUiOjI3MDAwMDAwMDAwMDAsInJlYWQiOjMwMDAwMDAwMDAwMCwidXBkYXRlIjoyNzAwMDAwMDAwMDAwfX0=",
          "dependencies": [
            "azurerm_network_interface.myNic2",
            "azurerm_public_ip.myPublicIp2",
            "azurerm_resource_group.rg",
            "azurerm_storage_account.mystaccount914",
            "azurerm_subnet.mySubnet",
            "azurerm_virtual_network.myNet"
          ]
        },
        {
          "index_key": 2,
          "schema_version": 0,
          "attributes": {
            "additional_capabilities": [],
            "admin_password": null,
            "admin_ssh_key": [
              {
                "public_key": "ssh-rsa AAAAB3NzaC1yc2EAAAADAQABAAACAQDVwH+jaVl6e7cIpos7OuE8JOwSoCL5QmdLXUS6QVp7K1O3dR+KUtkIdnchij8tuYU+Cx6be9jsmooOHI3Z84TOZnTjfJWlj1uSolB4atx5xipojMhZ4hA1mlNeAuYYqiHqyKPUBe+dW4AMkfcP6nrxJrhk4Eld/MDdxIVh4qzkYE9cAikhts+TcleILU0UiIYxjglq1X3eGC1GUrI8yoPHxFXkPUOgRVxK/GJCROkKmXGq3Aib/P0uGlFtUn8V8YQLh7n/gKt9ofa4qo77i4aXZYLh0FKZE66MvNf5jGCRXwljD+o6GhTPDLj1y7cKk39Mks+CkjAnSGyExLGe5IKRfAXacAN9LE11IcdGMTd3VFXqbxFW30PlYVTAZ9TfRTs7Ghgwp3Mv9u/2BOuW4J/lXPkkwD4uwGoVOfz3GZEN7ihlqsjHgrgFsQO//N3uPVfCWuUbINdJ3JhJivQTJwT/Pa5HDOFagFr9rly7DPuAgqHTXVzpPDxOZlGjpaC5POIvYkzQ9/TAXGY3JGfUsQhbVEgT9Z5ot/HbSF2TZxzw4qwWSvl4YhXDlwqNsrGFwDL55/+afq7fM1+c/sXMd09cJ/JxsSUgxBMSIKwnFSOkS21VZCqvbt8Ejklat+dRTnvOjBbitPZle/aD1VRBdjbr/vEMSKncb0mPB8ahx5GRXw== juan@DESKTOP-BVOVGLM\r\n",
                "username": "adminUsername"
              }
            ],
            "admin_username": "adminUsername",
            "allow_extension_operations": true,
            "availability_set_id": "",
            "boot_diagnostics": [
              {
                "storage_account_uri": "https://mystaccount914.blob.core.windows.net/"
              }
            ],
            "computer_name": "vmsnfsserver01",
            "custom_data": null,
            "dedicated_host_id": "",
            "disable_password_authentication": true,
            "encryption_at_host_enabled": false,
            "eviction_policy": "",
            "extensions_time_budget": "PT1H30M",
            "id": "/subscriptions/d59dc4e4-6d9f-4760-9b5b-2c6a7297f90b/resourceGroups/kubernetes_rg/providers/Microsoft.Compute/virtualMachines/vmsnfsserver01",
            "identity": [],
            "location": "centralus",
            "max_bid_price": -1,
            "name": "vmsnfsserver01",
            "network_interface_ids": [
              "/subscriptions/d59dc4e4-6d9f-4760-9b5b-2c6a7297f90b/resourceGroups/kubernetes_rg/providers/Microsoft.Network/networkInterfaces/vmnicnfsserver01"
            ],
            "os_disk": [
              {
                "caching": "ReadWrite",
                "diff_disk_settings": [],
                "disk_encryption_set_id": "",
                "disk_size_gb": 30,
                "name": "vmsnfsserver01_OsDisk_1_cf49ac8314404bad9dbbab34c4608112",
                "storage_account_type": "Standard_LRS",
                "write_accelerator_enabled": false
              }
            ],
            "plan": [
              {
                "name": "centos-8-stream-free",
                "product": "centos-8-stream-free",
                "publisher": "cognosys"
              }
            ],
            "priority": "Regular",
            "private_ip_address": "10.0.1.22",
            "private_ip_addresses": [
              "10.0.1.22"
            ],
            "provision_vm_agent": true,
            "proximity_placement_group_id": "",
            "public_ip_address": "40.77.107.178",
            "public_ip_addresses": [
              "40.77.107.178"
            ],
            "resource_group_name": "kubernetes_rg",
            "secret": [],
            "size": "Standard_DS1_v2",
            "source_image_id": "",
            "source_image_reference": [
              {
                "offer": "centos-8-stream-free",
                "publisher": "cognosys",
                "sku": "centos-8-stream-free",
                "version": "1.2019.0810"
              }
            ],
            "tags": {
              "environment": "CP2"
            },
            "timeouts": null,
            "virtual_machine_id": "a378fe9c-ab89-4a9c-95a3-83c22e441007",
            "virtual_machine_scale_set_id": "",
            "zone": ""
          },
          "sensitive_attributes": [],
          "private": "eyJlMmJmYjczMC1lY2FhLTExZTYtOGY4OC0zNDM2M2JjN2M0YzAiOnsiY3JlYXRlIjoyNzAwMDAwMDAwMDAwLCJkZWxldGUiOjI3MDAwMDAwMDAwMDAsInJlYWQiOjMwMDAwMDAwMDAwMCwidXBkYXRlIjoyNzAwMDAwMDAwMDAwfX0=",
          "dependencies": [
            "azurerm_network_interface.myNic2",
            "azurerm_public_ip.myPublicIp2",
            "azurerm_resource_group.rg",
            "azurerm_storage_account.mystaccount914",
            "azurerm_subnet.mySubnet",
            "azurerm_virtual_network.myNet"
          ]
        }
      ]
    },
    {
      "mode": "managed",
      "type": "azurerm_network_interface",
      "name": "myNic1",
      "provider": "provider[\"registry.terraform.io/hashicorp/azurerm\"]",
      "instances": [
        {
          "index_key": 0,
          "schema_version": 0,
          "attributes": {
            "applied_dns_servers": [],
            "dns_servers": [],
            "enable_accelerated_networking": false,
            "enable_ip_forwarding": false,
            "id": "/subscriptions/d59dc4e4-6d9f-4760-9b5b-2c6a7297f90b/resourceGroups/kubernetes_rg/providers/Microsoft.Network/networkInterfaces/vmnickubemaster01",
            "internal_dns_name_label": "",
            "internal_domain_name_suffix": "hunymfzsm2qujdjicdgsdhekqf.gx.internal.cloudapp.net",
            "ip_configuration": [
              {
                "name": "myipconfigurationkubemaster01",
                "primary": true,
                "private_ip_address": "10.0.1.10",
                "private_ip_address_allocation": "Static",
                "private_ip_address_version": "IPv4",
                "public_ip_address_id": "/subscriptions/d59dc4e4-6d9f-4760-9b5b-2c6a7297f90b/resourceGroups/kubernetes_rg/providers/Microsoft.Network/publicIPAddresses/PublicIPkubemaster01",
                "subnet_id": "/subscriptions/d59dc4e4-6d9f-4760-9b5b-2c6a7297f90b/resourceGroups/kubernetes_rg/providers/Microsoft.Network/virtualNetworks/kubernetesnet/subnets/terraformsubnet"
              }
            ],
            "location": "centralus",
            "mac_address": "",
            "name": "vmnickubemaster01",
            "private_ip_address": "10.0.1.10",
            "private_ip_addresses": [
              "10.0.1.10"
            ],
            "resource_group_name": "kubernetes_rg",
            "tags": {
              "environment": "CP2"
            },
            "timeouts": null,
            "virtual_machine_id": ""
          },
          "sensitive_attributes": [],
          "private": "eyJlMmJmYjczMC1lY2FhLTExZTYtOGY4OC0zNDM2M2JjN2M0YzAiOnsiY3JlYXRlIjoxODAwMDAwMDAwMDAwLCJkZWxldGUiOjE4MDAwMDAwMDAwMDAsInJlYWQiOjMwMDAwMDAwMDAwMCwidXBkYXRlIjoxODAwMDAwMDAwMDAwfX0=",
          "dependencies": [
            "azurerm_public_ip.myPublicIp1",
            "azurerm_resource_group.rg",
            "azurerm_subnet.mySubnet",
            "azurerm_virtual_network.myNet"
          ]
        }
      ]
    },
    {
      "mode": "managed",
      "type": "azurerm_network_interface",
      "name": "myNic2",
      "provider": "provider[\"registry.terraform.io/hashicorp/azurerm\"]",
      "instances": [
        {
          "index_key": 0,
          "schema_version": 0,
          "attributes": {
            "applied_dns_servers": [],
            "dns_servers": [],
            "enable_accelerated_networking": false,
            "enable_ip_forwarding": false,
            "id": "/subscriptions/d59dc4e4-6d9f-4760-9b5b-2c6a7297f90b/resourceGroups/kubernetes_rg/providers/Microsoft.Network/networkInterfaces/vmnickubeworker01",
            "internal_dns_name_label": "",
            "internal_domain_name_suffix": "hunymfzsm2qujdjicdgsdhekqf.gx.internal.cloudapp.net",
            "ip_configuration": [
              {
                "name": "myipconfigurationkubeworker01",
                "primary": true,
                "private_ip_address": "10.0.1.20",
                "private_ip_address_allocation": "Static",
                "private_ip_address_version": "IPv4",
                "public_ip_address_id": "/subscriptions/d59dc4e4-6d9f-4760-9b5b-2c6a7297f90b/resourceGroups/kubernetes_rg/providers/Microsoft.Network/publicIPAddresses/PublicIPkubeworker01",
                "subnet_id": "/subscriptions/d59dc4e4-6d9f-4760-9b5b-2c6a7297f90b/resourceGroups/kubernetes_rg/providers/Microsoft.Network/virtualNetworks/kubernetesnet/subnets/terraformsubnet"
              }
            ],
            "location": "centralus",
            "mac_address": "",
            "name": "vmnickubeworker01",
            "private_ip_address": "10.0.1.20",
            "private_ip_addresses": [
              "10.0.1.20"
            ],
            "resource_group_name": "kubernetes_rg",
            "tags": {
              "environment": "CP2"
            },
            "timeouts": null,
            "virtual_machine_id": ""
          },
          "sensitive_attributes": [],
          "private": "eyJlMmJmYjczMC1lY2FhLTExZTYtOGY4OC0zNDM2M2JjN2M0YzAiOnsiY3JlYXRlIjoxODAwMDAwMDAwMDAwLCJkZWxldGUiOjE4MDAwMDAwMDAwMDAsInJlYWQiOjMwMDAwMDAwMDAwMCwidXBkYXRlIjoxODAwMDAwMDAwMDAwfX0=",
          "dependencies": [
            "azurerm_public_ip.myPublicIp2",
            "azurerm_resource_group.rg",
            "azurerm_subnet.mySubnet",
            "azurerm_virtual_network.myNet"
          ]
        },
        {
          "index_key": 1,
          "schema_version": 0,
          "attributes": {
            "applied_dns_servers": [],
            "dns_servers": [],
            "enable_accelerated_networking": false,
            "enable_ip_forwarding": false,
            "id": "/subscriptions/d59dc4e4-6d9f-4760-9b5b-2c6a7297f90b/resourceGroups/kubernetes_rg/providers/Microsoft.Network/networkInterfaces/vmnickubeworker02",
            "internal_dns_name_label": "",
            "internal_domain_name_suffix": "hunymfzsm2qujdjicdgsdhekqf.gx.internal.cloudapp.net",
            "ip_configuration": [
              {
                "name": "myipconfigurationkubeworker02",
                "primary": true,
                "private_ip_address": "10.0.1.21",
                "private_ip_address_allocation": "Static",
                "private_ip_address_version": "IPv4",
                "public_ip_address_id": "/subscriptions/d59dc4e4-6d9f-4760-9b5b-2c6a7297f90b/resourceGroups/kubernetes_rg/providers/Microsoft.Network/publicIPAddresses/PublicIPkubeworker02",
                "subnet_id": "/subscriptions/d59dc4e4-6d9f-4760-9b5b-2c6a7297f90b/resourceGroups/kubernetes_rg/providers/Microsoft.Network/virtualNetworks/kubernetesnet/subnets/terraformsubnet"
              }
            ],
            "location": "centralus",
            "mac_address": "",
            "name": "vmnickubeworker02",
            "private_ip_address": "10.0.1.21",
            "private_ip_addresses": [
              "10.0.1.21"
            ],
            "resource_group_name": "kubernetes_rg",
            "tags": {
              "environment": "CP2"
            },
            "timeouts": null,
            "virtual_machine_id": ""
          },
          "sensitive_attributes": [],
          "private": "eyJlMmJmYjczMC1lY2FhLTExZTYtOGY4OC0zNDM2M2JjN2M0YzAiOnsiY3JlYXRlIjoxODAwMDAwMDAwMDAwLCJkZWxldGUiOjE4MDAwMDAwMDAwMDAsInJlYWQiOjMwMDAwMDAwMDAwMCwidXBkYXRlIjoxODAwMDAwMDAwMDAwfX0=",
          "dependencies": [
            "azurerm_public_ip.myPublicIp2",
            "azurerm_resource_group.rg",
            "azurerm_subnet.mySubnet",
            "azurerm_virtual_network.myNet"
          ]
        },
        {
          "index_key": 2,
          "schema_version": 0,
          "attributes": {
            "applied_dns_servers": [],
            "dns_servers": [],
            "enable_accelerated_networking": false,
            "enable_ip_forwarding": false,
            "id": "/subscriptions/d59dc4e4-6d9f-4760-9b5b-2c6a7297f90b/resourceGroups/kubernetes_rg/providers/Microsoft.Network/networkInterfaces/vmnicnfsserver01",
            "internal_dns_name_label": "",
            "internal_domain_name_suffix": "hunymfzsm2qujdjicdgsdhekqf.gx.internal.cloudapp.net",
            "ip_configuration": [
              {
                "name": "myipconfigurationnfsserver01",
                "primary": true,
                "private_ip_address": "10.0.1.22",
                "private_ip_address_allocation": "Static",
                "private_ip_address_version": "IPv4",
                "public_ip_address_id": "/subscriptions/d59dc4e4-6d9f-4760-9b5b-2c6a7297f90b/resourceGroups/kubernetes_rg/providers/Microsoft.Network/publicIPAddresses/PublicIPnfsserver01",
                "subnet_id": "/subscriptions/d59dc4e4-6d9f-4760-9b5b-2c6a7297f90b/resourceGroups/kubernetes_rg/providers/Microsoft.Network/virtualNetworks/kubernetesnet/subnets/terraformsubnet"
              }
            ],
            "location": "centralus",
            "mac_address": "",
            "name": "vmnicnfsserver01",
            "private_ip_address": "10.0.1.22",
            "private_ip_addresses": [
              "10.0.1.22"
            ],
            "resource_group_name": "kubernetes_rg",
            "tags": {
              "environment": "CP2"
            },
            "timeouts": null,
            "virtual_machine_id": ""
          },
          "sensitive_attributes": [],
          "private": "eyJlMmJmYjczMC1lY2FhLTExZTYtOGY4OC0zNDM2M2JjN2M0YzAiOnsiY3JlYXRlIjoxODAwMDAwMDAwMDAwLCJkZWxldGUiOjE4MDAwMDAwMDAwMDAsInJlYWQiOjMwMDAwMDAwMDAwMCwidXBkYXRlIjoxODAwMDAwMDAwMDAwfX0=",
          "dependencies": [
            "azurerm_public_ip.myPublicIp2",
            "azurerm_resource_group.rg",
            "azurerm_subnet.mySubnet",
            "azurerm_virtual_network.myNet"
          ]
        }
      ]
    },
    {
      "mode": "managed",
      "type": "azurerm_network_interface_security_group_association",
      "name": "mySecGroupAssociation1",
      "provider": "provider[\"registry.terraform.io/hashicorp/azurerm\"]",
      "instances": [
        {
          "index_key": 0,
          "schema_version": 0,
          "attributes": {
            "id": "/subscriptions/d59dc4e4-6d9f-4760-9b5b-2c6a7297f90b/resourceGroups/kubernetes_rg/providers/Microsoft.Network/networkInterfaces/vmnickubemaster01|/subscriptions/d59dc4e4-6d9f-4760-9b5b-2c6a7297f90b/resourceGroups/kubernetes_rg/providers/Microsoft.Network/networkSecurityGroups/sshtraffic",
            "network_interface_id": "/subscriptions/d59dc4e4-6d9f-4760-9b5b-2c6a7297f90b/resourceGroups/kubernetes_rg/providers/Microsoft.Network/networkInterfaces/vmnickubemaster01",
            "network_security_group_id": "/subscriptions/d59dc4e4-6d9f-4760-9b5b-2c6a7297f90b/resourceGroups/kubernetes_rg/providers/Microsoft.Network/networkSecurityGroups/sshtraffic",
            "timeouts": null
          },
          "sensitive_attributes": [],
          "private": "eyJlMmJmYjczMC1lY2FhLTExZTYtOGY4OC0zNDM2M2JjN2M0YzAiOnsiY3JlYXRlIjoxODAwMDAwMDAwMDAwLCJkZWxldGUiOjE4MDAwMDAwMDAwMDAsInJlYWQiOjMwMDAwMDAwMDAwMCwidXBkYXRlIjoxODAwMDAwMDAwMDAwfX0=",
          "dependencies": [
            "azurerm_network_interface.myNic1",
            "azurerm_network_security_group.mySecGroup",
            "azurerm_public_ip.myPublicIp1",
            "azurerm_resource_group.rg",
            "azurerm_subnet.mySubnet",
            "azurerm_virtual_network.myNet"
          ]
        }
      ]
    },
    {
      "mode": "managed",
      "type": "azurerm_network_interface_security_group_association",
      "name": "mySecGroupAssociation2",
      "provider": "provider[\"registry.terraform.io/hashicorp/azurerm\"]",
      "instances": [
        {
          "index_key": 0,
          "schema_version": 0,
          "attributes": {
            "id": "/subscriptions/d59dc4e4-6d9f-4760-9b5b-2c6a7297f90b/resourceGroups/kubernetes_rg/providers/Microsoft.Network/networkInterfaces/vmnickubeworker01|/subscriptions/d59dc4e4-6d9f-4760-9b5b-2c6a7297f90b/resourceGroups/kubernetes_rg/providers/Microsoft.Network/networkSecurityGroups/sshtraffic",
            "network_interface_id": "/subscriptions/d59dc4e4-6d9f-4760-9b5b-2c6a7297f90b/resourceGroups/kubernetes_rg/providers/Microsoft.Network/networkInterfaces/vmnickubeworker01",
            "network_security_group_id": "/subscriptions/d59dc4e4-6d9f-4760-9b5b-2c6a7297f90b/resourceGroups/kubernetes_rg/providers/Microsoft.Network/networkSecurityGroups/sshtraffic",
            "timeouts": null
          },
          "sensitive_attributes": [],
          "private": "eyJlMmJmYjczMC1lY2FhLTExZTYtOGY4OC0zNDM2M2JjN2M0YzAiOnsiY3JlYXRlIjoxODAwMDAwMDAwMDAwLCJkZWxldGUiOjE4MDAwMDAwMDAwMDAsInJlYWQiOjMwMDAwMDAwMDAwMCwidXBkYXRlIjoxODAwMDAwMDAwMDAwfX0=",
          "dependencies": [
            "azurerm_network_interface.myNic2",
            "azurerm_network_security_group.mySecGroup",
            "azurerm_public_ip.myPublicIp2",
            "azurerm_resource_group.rg",
            "azurerm_subnet.mySubnet",
            "azurerm_virtual_network.myNet"
          ]
        },
        {
          "index_key": 1,
          "schema_version": 0,
          "attributes": {
            "id": "/subscriptions/d59dc4e4-6d9f-4760-9b5b-2c6a7297f90b/resourceGroups/kubernetes_rg/providers/Microsoft.Network/networkInterfaces/vmnickubeworker02|/subscriptions/d59dc4e4-6d9f-4760-9b5b-2c6a7297f90b/resourceGroups/kubernetes_rg/providers/Microsoft.Network/networkSecurityGroups/sshtraffic",
            "network_interface_id": "/subscriptions/d59dc4e4-6d9f-4760-9b5b-2c6a7297f90b/resourceGroups/kubernetes_rg/providers/Microsoft.Network/networkInterfaces/vmnickubeworker02",
            "network_security_group_id": "/subscriptions/d59dc4e4-6d9f-4760-9b5b-2c6a7297f90b/resourceGroups/kubernetes_rg/providers/Microsoft.Network/networkSecurityGroups/sshtraffic",
            "timeouts": null
          },
          "sensitive_attributes": [],
          "private": "eyJlMmJmYjczMC1lY2FhLTExZTYtOGY4OC0zNDM2M2JjN2M0YzAiOnsiY3JlYXRlIjoxODAwMDAwMDAwMDAwLCJkZWxldGUiOjE4MDAwMDAwMDAwMDAsInJlYWQiOjMwMDAwMDAwMDAwMCwidXBkYXRlIjoxODAwMDAwMDAwMDAwfX0=",
          "dependencies": [
            "azurerm_network_interface.myNic2",
            "azurerm_network_security_group.mySecGroup",
            "azurerm_public_ip.myPublicIp2",
            "azurerm_resource_group.rg",
            "azurerm_subnet.mySubnet",
            "azurerm_virtual_network.myNet"
          ]
        },
        {
          "index_key": 2,
          "schema_version": 0,
          "attributes": {
            "id": "/subscriptions/d59dc4e4-6d9f-4760-9b5b-2c6a7297f90b/resourceGroups/kubernetes_rg/providers/Microsoft.Network/networkInterfaces/vmnicnfsserver01|/subscriptions/d59dc4e4-6d9f-4760-9b5b-2c6a7297f90b/resourceGroups/kubernetes_rg/providers/Microsoft.Network/networkSecurityGroups/sshtraffic",
            "network_interface_id": "/subscriptions/d59dc4e4-6d9f-4760-9b5b-2c6a7297f90b/resourceGroups/kubernetes_rg/providers/Microsoft.Network/networkInterfaces/vmnicnfsserver01",
            "network_security_group_id": "/subscriptions/d59dc4e4-6d9f-4760-9b5b-2c6a7297f90b/resourceGroups/kubernetes_rg/providers/Microsoft.Network/networkSecurityGroups/sshtraffic",
            "timeouts": null
          },
          "sensitive_attributes": [],
          "private": "eyJlMmJmYjczMC1lY2FhLTExZTYtOGY4OC0zNDM2M2JjN2M0YzAiOnsiY3JlYXRlIjoxODAwMDAwMDAwMDAwLCJkZWxldGUiOjE4MDAwMDAwMDAwMDAsInJlYWQiOjMwMDAwMDAwMDAwMCwidXBkYXRlIjoxODAwMDAwMDAwMDAwfX0=",
          "dependencies": [
            "azurerm_network_interface.myNic2",
            "azurerm_network_security_group.mySecGroup",
            "azurerm_public_ip.myPublicIp2",
            "azurerm_resource_group.rg",
            "azurerm_subnet.mySubnet",
            "azurerm_virtual_network.myNet"
          ]
        }
      ]
    },
    {
      "mode": "managed",
      "type": "azurerm_network_security_group",
      "name": "mySecGroup",
      "provider": "provider[\"registry.terraform.io/hashicorp/azurerm\"]",
      "instances": [
        {
          "schema_version": 0,
          "attributes": {
            "id": "/subscriptions/d59dc4e4-6d9f-4760-9b5b-2c6a7297f90b/resourceGroups/kubernetes_rg/providers/Microsoft.Network/networkSecurityGroups/sshtraffic",
            "location": "centralus",
            "name": "sshtraffic",
            "resource_group_name": "kubernetes_rg",
            "security_rule": [
              {
                "access": "Allow",
                "description": "",
                "destination_address_prefix": "*",
                "destination_address_prefixes": [],
                "destination_application_security_group_ids": [],
                "destination_port_range": "22",
                "destination_port_ranges": [],
                "direction": "Inbound",
                "name": "SSH",
                "priority": 1001,
                "protocol": "Tcp",
                "source_address_prefix": "*",
                "source_address_prefixes": [],
                "source_application_security_group_ids": [],
                "source_port_range": "*",
                "source_port_ranges": []
              }
            ],
            "tags": {
              "environment": "CP2"
            },
            "timeouts": null
          },
          "sensitive_attributes": [],
          "private": "eyJlMmJmYjczMC1lY2FhLTExZTYtOGY4OC0zNDM2M2JjN2M0YzAiOnsiY3JlYXRlIjoxODAwMDAwMDAwMDAwLCJkZWxldGUiOjE4MDAwMDAwMDAwMDAsInJlYWQiOjMwMDAwMDAwMDAwMCwidXBkYXRlIjoxODAwMDAwMDAwMDAwfX0=",
          "dependencies": [
            "azurerm_resource_group.rg"
          ]
        }
      ]
    },
    {
      "mode": "managed",
      "type": "azurerm_public_ip",
      "name": "myPublicIp1",
      "provider": "provider[\"registry.terraform.io/hashicorp/azurerm\"]",
      "instances": [
        {
          "index_key": 0,
          "schema_version": 0,
          "attributes": {
            "allocation_method": "Dynamic",
            "domain_name_label": null,
            "fqdn": null,
            "id": "/subscriptions/d59dc4e4-6d9f-4760-9b5b-2c6a7297f90b/resourceGroups/kubernetes_rg/providers/Microsoft.Network/publicIPAddresses/PublicIPkubemaster01",
            "idle_timeout_in_minutes": 4,
            "ip_address": "",
            "ip_version": "IPv4",
            "location": "centralus",
            "name": "PublicIPkubemaster01",
            "public_ip_prefix_id": null,
            "resource_group_name": "kubernetes_rg",
            "reverse_fqdn": null,
            "sku": "Basic",
            "tags": {
              "environment": "CP2"
            },
            "timeouts": null,
            "zones": null
          },
          "sensitive_attributes": [],
          "private": "eyJlMmJmYjczMC1lY2FhLTExZTYtOGY4OC0zNDM2M2JjN2M0YzAiOnsiY3JlYXRlIjoxODAwMDAwMDAwMDAwLCJkZWxldGUiOjE4MDAwMDAwMDAwMDAsInJlYWQiOjMwMDAwMDAwMDAwMCwidXBkYXRlIjoxODAwMDAwMDAwMDAwfX0=",
          "dependencies": [
            "azurerm_resource_group.rg"
          ]
        }
      ]
    },
    {
      "mode": "managed",
      "type": "azurerm_public_ip",
      "name": "myPublicIp2",
      "provider": "provider[\"registry.terraform.io/hashicorp/azurerm\"]",
      "instances": [
        {
          "index_key": 0,
          "schema_version": 0,
          "attributes": {
            "allocation_method": "Dynamic",
            "domain_name_label": null,
            "fqdn": null,
            "id": "/subscriptions/d59dc4e4-6d9f-4760-9b5b-2c6a7297f90b/resourceGroups/kubernetes_rg/providers/Microsoft.Network/publicIPAddresses/PublicIPkubeworker01",
            "idle_timeout_in_minutes": 4,
            "ip_address": "",
            "ip_version": "IPv4",
            "location": "centralus",
            "name": "PublicIPkubeworker01",
            "public_ip_prefix_id": null,
            "resource_group_name": "kubernetes_rg",
            "reverse_fqdn": null,
            "sku": "Basic",
            "tags": {
              "environment": "CP2"
            },
            "timeouts": null,
            "zones": null
          },
          "sensitive_attributes": [],
          "private": "eyJlMmJmYjczMC1lY2FhLTExZTYtOGY4OC0zNDM2M2JjN2M0YzAiOnsiY3JlYXRlIjoxODAwMDAwMDAwMDAwLCJkZWxldGUiOjE4MDAwMDAwMDAwMDAsInJlYWQiOjMwMDAwMDAwMDAwMCwidXBkYXRlIjoxODAwMDAwMDAwMDAwfX0=",
          "dependencies": [
            "azurerm_resource_group.rg"
          ]
        },
        {
          "index_key": 1,
          "schema_version": 0,
          "attributes": {
            "allocation_method": "Dynamic",
            "domain_name_label": null,
            "fqdn": null,
            "id": "/subscriptions/d59dc4e4-6d9f-4760-9b5b-2c6a7297f90b/resourceGroups/kubernetes_rg/providers/Microsoft.Network/publicIPAddresses/PublicIPkubeworker02",
            "idle_timeout_in_minutes": 4,
            "ip_address": "",
            "ip_version": "IPv4",
            "location": "centralus",
            "name": "PublicIPkubeworker02",
            "public_ip_prefix_id": null,
            "resource_group_name": "kubernetes_rg",
            "reverse_fqdn": null,
            "sku": "Basic",
            "tags": {
              "environment": "CP2"
            },
            "timeouts": null,
            "zones": null
          },
          "sensitive_attributes": [],
          "private": "eyJlMmJmYjczMC1lY2FhLTExZTYtOGY4OC0zNDM2M2JjN2M0YzAiOnsiY3JlYXRlIjoxODAwMDAwMDAwMDAwLCJkZWxldGUiOjE4MDAwMDAwMDAwMDAsInJlYWQiOjMwMDAwMDAwMDAwMCwidXBkYXRlIjoxODAwMDAwMDAwMDAwfX0=",
          "dependencies": [
            "azurerm_resource_group.rg"
          ]
        },
        {
          "index_key": 2,
          "schema_version": 0,
          "attributes": {
            "allocation_method": "Dynamic",
            "domain_name_label": null,
            "fqdn": null,
            "id": "/subscriptions/d59dc4e4-6d9f-4760-9b5b-2c6a7297f90b/resourceGroups/kubernetes_rg/providers/Microsoft.Network/publicIPAddresses/PublicIPnfsserver01",
            "idle_timeout_in_minutes": 4,
            "ip_address": "",
            "ip_version": "IPv4",
            "location": "centralus",
            "name": "PublicIPnfsserver01",
            "public_ip_prefix_id": null,
            "resource_group_name": "kubernetes_rg",
            "reverse_fqdn": null,
            "sku": "Basic",
            "tags": {
              "environment": "CP2"
            },
            "timeouts": null,
            "zones": null
          },
          "sensitive_attributes": [],
          "private": "eyJlMmJmYjczMC1lY2FhLTExZTYtOGY4OC0zNDM2M2JjN2M0YzAiOnsiY3JlYXRlIjoxODAwMDAwMDAwMDAwLCJkZWxldGUiOjE4MDAwMDAwMDAwMDAsInJlYWQiOjMwMDAwMDAwMDAwMCwidXBkYXRlIjoxODAwMDAwMDAwMDAwfX0=",
          "dependencies": [
            "azurerm_resource_group.rg"
          ]
        }
      ]
    },
    {
      "mode": "managed",
      "type": "azurerm_resource_group",
      "name": "rg",
      "provider": "provider[\"registry.terraform.io/hashicorp/azurerm\"]",
      "instances": [
        {
          "schema_version": 0,
          "attributes": {
            "id": "/subscriptions/d59dc4e4-6d9f-4760-9b5b-2c6a7297f90b/resourceGroups/kubernetes_rg",
            "location": "centralus",
            "name": "kubernetes_rg",
            "tags": {
              "environment": "CP2"
            },
            "timeouts": null
          },
          "sensitive_attributes": [],
          "private": "eyJlMmJmYjczMC1lY2FhLTExZTYtOGY4OC0zNDM2M2JjN2M0YzAiOnsiY3JlYXRlIjo1NDAwMDAwMDAwMDAwLCJkZWxldGUiOjU0MDAwMDAwMDAwMDAsInJlYWQiOjMwMDAwMDAwMDAwMCwidXBkYXRlIjo1NDAwMDAwMDAwMDAwfX0="
        }
      ]
    },
    {
      "mode": "managed",
      "type": "azurerm_storage_account",
      "name": "mystaccount914",
      "provider": "provider[\"registry.terraform.io/hashicorp/azurerm\"]",
      "instances": [
        {
          "schema_version": 2,
          "attributes": {
            "access_tier": "Hot",
            "account_kind": "StorageV2",
            "account_replication_type": "LRS",
            "account_tier": "Standard",
            "allow_blob_public_access": false,
            "blob_properties": [],
            "custom_domain": [],
            "enable_https_traffic_only": true,
            "id": "/subscriptions/d59dc4e4-6d9f-4760-9b5b-2c6a7297f90b/resourceGroups/kubernetes_rg/providers/Microsoft.Storage/storageAccounts/mystaccount914",
            "identity": [],
            "is_hns_enabled": false,
            "large_file_share_enabled": null,
            "location": "centralus",
            "min_tls_version": "TLS1_0",
            "name": "mystaccount914",
            "network_rules": [
              {
                "bypass": [
                  "AzureServices"
                ],
                "default_action": "Allow",
                "ip_rules": [],
                "virtual_network_subnet_ids": []
              }
            ],
            "primary_access_key": "H3re7I4hocs1qt+Z1rx0ZA56mKDN4C3IdcDbpqm1tnmHcOwvWZEWcDycqn6GMrQV6PZC+mMnenJtCrY6wTPbAw==",
            "primary_blob_connection_string": "DefaultEndpointsProtocol=https;BlobEndpoint=https://mystaccount914.blob.core.windows.net/;AccountName=mystaccount914;AccountKey=H3re7I4hocs1qt+Z1rx0ZA56mKDN4C3IdcDbpqm1tnmHcOwvWZEWcDycqn6GMrQV6PZC+mMnenJtCrY6wTPbAw==",
            "primary_blob_endpoint": "https://mystaccount914.blob.core.windows.net/",
            "primary_blob_host": "mystaccount914.blob.core.windows.net",
            "primary_connection_string": "DefaultEndpointsProtocol=https;AccountName=mystaccount914;AccountKey=H3re7I4hocs1qt+Z1rx0ZA56mKDN4C3IdcDbpqm1tnmHcOwvWZEWcDycqn6GMrQV6PZC+mMnenJtCrY6wTPbAw==;EndpointSuffix=core.windows.net",
            "primary_dfs_endpoint": "https://mystaccount914.dfs.core.windows.net/",
            "primary_dfs_host": "mystaccount914.dfs.core.windows.net",
            "primary_file_endpoint": "https://mystaccount914.file.core.windows.net/",
            "primary_file_host": "mystaccount914.file.core.windows.net",
            "primary_location": "centralus",
            "primary_queue_endpoint": "https://mystaccount914.queue.core.windows.net/",
            "primary_queue_host": "mystaccount914.queue.core.windows.net",
            "primary_table_endpoint": "https://mystaccount914.table.core.windows.net/",
            "primary_table_host": "mystaccount914.table.core.windows.net",
            "primary_web_endpoint": "https://mystaccount914.z19.web.core.windows.net/",
            "primary_web_host": "mystaccount914.z19.web.core.windows.net",
            "queue_properties": [
              {
                "cors_rule": [],
                "hour_metrics": [
                  {
                    "enabled": true,
                    "include_apis": true,
                    "retention_policy_days": 7,
                    "version": "1.0"
                  }
                ],
                "logging": [
                  {
                    "delete": false,
                    "read": false,
                    "retention_policy_days": 0,
                    "version": "1.0",
                    "write": false
                  }
                ],
                "minute_metrics": [
                  {
                    "enabled": false,
                    "include_apis": false,
                    "retention_policy_days": 0,
                    "version": "1.0"
                  }
                ]
              }
            ],
            "resource_group_name": "kubernetes_rg",
            "secondary_access_key": "g0xOwaWwkDKc/oOYuculglde/KCHquuzWZQCn+Cko/xmEzJqm2haEGBp0hK6F/Pok0mV0gZF5h0MsLDS78FBdA==",
            "secondary_blob_connection_string": "",
            "secondary_blob_endpoint": null,
            "secondary_blob_host": null,
            "secondary_connection_string": "DefaultEndpointsProtocol=https;AccountName=mystaccount914;AccountKey=g0xOwaWwkDKc/oOYuculglde/KCHquuzWZQCn+Cko/xmEzJqm2haEGBp0hK6F/Pok0mV0gZF5h0MsLDS78FBdA==;EndpointSuffix=core.windows.net",
            "secondary_dfs_endpoint": null,
            "secondary_dfs_host": null,
            "secondary_file_endpoint": null,
            "secondary_file_host": null,
            "secondary_location": "",
            "secondary_queue_endpoint": null,
            "secondary_queue_host": null,
            "secondary_table_endpoint": null,
            "secondary_table_host": null,
            "secondary_web_endpoint": null,
            "secondary_web_host": null,
            "static_website": [],
            "tags": {
              "environment": "CP2"
            },
            "timeouts": null
          },
          "sensitive_attributes": [],
          "private": "eyJlMmJmYjczMC1lY2FhLTExZTYtOGY4OC0zNDM2M2JjN2M0YzAiOnsiY3JlYXRlIjozNjAwMDAwMDAwMDAwLCJkZWxldGUiOjM2MDAwMDAwMDAwMDAsInJlYWQiOjMwMDAwMDAwMDAwMCwidXBkYXRlIjozNjAwMDAwMDAwMDAwfSwic2NoZW1hX3ZlcnNpb24iOiIyIn0=",
          "dependencies": [
            "azurerm_resource_group.rg"
          ]
        }
      ]
    },
    {
      "mode": "managed",
      "type": "azurerm_subnet",
      "name": "mySubnet",
      "provider": "provider[\"registry.terraform.io/hashicorp/azurerm\"]",
      "instances": [
        {
          "schema_version": 0,
          "attributes": {
            "address_prefix": "10.0.1.0/24",
            "address_prefixes": [
              "10.0.1.0/24"
            ],
            "delegation": [],
            "enforce_private_link_endpoint_network_policies": false,
            "enforce_private_link_service_network_policies": false,
            "id": "/subscriptions/d59dc4e4-6d9f-4760-9b5b-2c6a7297f90b/resourceGroups/kubernetes_rg/providers/Microsoft.Network/virtualNetworks/kubernetesnet/subnets/terraformsubnet",
            "name": "terraformsubnet",
            "resource_group_name": "kubernetes_rg",
            "service_endpoint_policy_ids": null,
            "service_endpoints": null,
            "timeouts": null,
            "virtual_network_name": "kubernetesnet"
          },
          "sensitive_attributes": [],
          "private": "eyJlMmJmYjczMC1lY2FhLTExZTYtOGY4OC0zNDM2M2JjN2M0YzAiOnsiY3JlYXRlIjoxODAwMDAwMDAwMDAwLCJkZWxldGUiOjE4MDAwMDAwMDAwMDAsInJlYWQiOjMwMDAwMDAwMDAwMCwidXBkYXRlIjoxODAwMDAwMDAwMDAwfX0=",
          "dependencies": [
            "azurerm_resource_group.rg",
            "azurerm_virtual_network.myNet"
          ]
        }
      ]
    },
    {
      "mode": "managed",
      "type": "azurerm_virtual_network",
      "name": "myNet",
      "provider": "provider[\"registry.terraform.io/hashicorp/azurerm\"]",
      "instances": [
        {
          "schema_version": 0,
          "attributes": {
            "address_space": [
              "10.0.0.0/16"
            ],
            "bgp_community": "",
            "ddos_protection_plan": [],
            "dns_servers": null,
            "guid": "17861b3d-6732-4421-8d28-10cd219c8a85",
            "id": "/subscriptions/d59dc4e4-6d9f-4760-9b5b-2c6a7297f90b/resourceGroups/kubernetes_rg/providers/Microsoft.Network/virtualNetworks/kubernetesnet",
            "location": "centralus",
            "name": "kubernetesnet",
            "resource_group_name": "kubernetes_rg",
            "subnet": [],
            "tags": {
              "environment": "CP2"
            },
            "timeouts": null,
            "vm_protection_enabled": false
          },
          "sensitive_attributes": [],
          "private": "eyJlMmJmYjczMC1lY2FhLTExZTYtOGY4OC0zNDM2M2JjN2M0YzAiOnsiY3JlYXRlIjoxODAwMDAwMDAwMDAwLCJkZWxldGUiOjE4MDAwMDAwMDAwMDAsInJlYWQiOjMwMDAwMDAwMDAwMCwidXBkYXRlIjoxODAwMDAwMDAwMDAwfX0=",
          "dependencies": [
            "azurerm_resource_group.rg"
          ]
        }
      ]
    }
  ]
}
